{
  "name": "dorbel-shared",
  "version": "0.4.13",
  "dependencies": {
    "ansi-regex": {
      "version": "2.0.0",
      "from": "ansi-regex@>=2.0.0 <3.0.0",
      "resolved": "https://registry.npmjs.org/ansi-regex/-/ansi-regex-2.0.0.tgz"
    },
    "async": {
      "version": "1.5.2",
      "from": "async@>=1.4.0 <2.0.0",
      "resolved": "https://registry.npmjs.org/async/-/async-1.5.2.tgz"
    },
    "aws-sdk": {
      "version": "2.6.1",
      "from": "aws-sdk@2.6.1",
      "resolved": "https://registry.npmjs.org/aws-sdk/-/aws-sdk-2.6.1.tgz"
    },
    "babel-runtime": {
      "version": "6.6.1",
      "from": "babel-runtime@6.6.1",
      "resolved": "https://registry.npmjs.org/babel-runtime/-/babel-runtime-6.6.1.tgz"
    },
    "backoff": {
      "version": "2.5.0",
      "from": "backoff@>=2.5.0 <2.6.0",
      "resolved": "https://registry.npmjs.org/backoff/-/backoff-2.5.0.tgz"
    },
    "balanced-match": {
      "version": "0.4.2",
      "from": "balanced-match@>=0.4.1 <0.5.0",
      "resolved": "https://registry.npmjs.org/balanced-match/-/balanced-match-0.4.2.tgz"
    },
    "base64-js": {
      "version": "1.2.0",
      "from": "base64-js@>=1.0.2 <2.0.0",
      "resolved": "https://registry.npmjs.org/base64-js/-/base64-js-1.2.0.tgz"
    },
    "brace-expansion": {
      "version": "1.1.6",
      "from": "brace-expansion@>=1.0.0 <2.0.0",
      "resolved": "https://registry.npmjs.org/brace-expansion/-/brace-expansion-1.1.6.tgz"
    },
    "buffer": {
      "version": "4.9.1",
      "from": "buffer@4.9.1",
      "resolved": "https://registry.npmjs.org/buffer/-/buffer-4.9.1.tgz"
    },
    "bunyan": {
      "version": "1.8.5",
      "from": "bunyan@>=1.8.1 <1.9.0",
      "resolved": "https://registry.npmjs.org/bunyan/-/bunyan-1.8.5.tgz"
    },
    "camelcase": {
      "version": "2.1.1",
      "from": "camelcase@>=2.0.1 <3.0.0",
      "resolved": "https://registry.npmjs.org/camelcase/-/camelcase-2.1.1.tgz"
    },
    "cliui": {
      "version": "3.2.0",
      "from": "cliui@>=3.0.3 <4.0.0",
      "resolved": "https://registry.npmjs.org/cliui/-/cliui-3.2.0.tgz"
    },
    "code-point-at": {
      "version": "1.1.0",
      "from": "code-point-at@>=1.0.0 <2.0.0",
      "resolved": "https://registry.npmjs.org/code-point-at/-/code-point-at-1.1.0.tgz"
    },
    "codependency": {
      "version": "0.1.4",
      "from": "codependency@0.1.4",
      "resolved": "https://registry.npmjs.org/codependency/-/codependency-0.1.4.tgz",
      "dependencies": {
        "semver": {
          "version": "5.0.1",
          "from": "semver@5.0.1",
          "resolved": "https://registry.npmjs.org/semver/-/semver-5.0.1.tgz"
        }
      }
    },
    "concat-map": {
      "version": "0.0.1",
      "from": "concat-map@0.0.1",
      "resolved": "https://registry.npmjs.org/concat-map/-/concat-map-0.0.1.tgz"
    },
    "core-js": {
      "version": "2.4.1",
      "from": "core-js@>=2.1.0 <3.0.0",
      "resolved": "https://registry.npmjs.org/core-js/-/core-js-2.4.1.tgz"
    },
    "crypto-browserify": {
      "version": "1.0.9",
      "from": "crypto-browserify@1.0.9",
      "resolved": "https://registry.npmjs.org/crypto-browserify/-/crypto-browserify-1.0.9.tgz"
    },
    "debug": {
      "version": "2.3.3",
      "from": "debug@>=2.1.0 <3.0.0",
      "resolved": "https://registry.npmjs.org/debug/-/debug-2.3.3.tgz"
    },
    "decamelize": {
      "version": "1.2.0",
      "from": "decamelize@>=1.1.1 <2.0.0",
      "resolved": "https://registry.npmjs.org/decamelize/-/decamelize-1.2.0.tgz"
    },
    "dtrace-provider": {
      "version": "0.8.0",
      "from": "dtrace-provider@>=0.8.0 <0.9.0",
      "resolved": "https://registry.npmjs.org/dtrace-provider/-/dtrace-provider-0.8.0.tgz",
      "optional": true
    },
    "glob": {
      "version": "6.0.4",
      "from": "glob@>=6.0.1 <7.0.0",
      "resolved": "https://registry.npmjs.org/glob/-/glob-6.0.4.tgz"
    },
    "ieee754": {
      "version": "1.1.8",
      "from": "ieee754@>=1.1.4 <2.0.0",
      "resolved": "https://registry.npmjs.org/ieee754/-/ieee754-1.1.8.tgz"
    },
    "inflight": {
      "version": "1.0.6",
      "from": "inflight@>=1.0.4 <2.0.0",
      "resolved": "https://registry.npmjs.org/inflight/-/inflight-1.0.6.tgz"
    },
    "inherits": {
      "version": "2.0.3",
      "from": "inherits@>=2.0.0 <3.0.0",
      "resolved": "https://registry.npmjs.org/inherits/-/inherits-2.0.3.tgz"
    },
    "ini": {
      "version": "1.3.4",
      "from": "ini@>=1.3.0 <2.0.0",
      "resolved": "https://registry.npmjs.org/ini/-/ini-1.3.4.tgz"
    },
    "invert-kv": {
      "version": "1.0.0",
      "from": "invert-kv@>=1.0.0 <2.0.0",
      "resolved": "https://registry.npmjs.org/invert-kv/-/invert-kv-1.0.0.tgz"
    },
    "is-fullwidth-code-point": {
      "version": "1.0.0",
      "from": "is-fullwidth-code-point@>=1.0.0 <2.0.0",
      "resolved": "https://registry.npmjs.org/is-fullwidth-code-point/-/is-fullwidth-code-point-1.0.0.tgz"
    },
    "isarray": {
      "version": "1.0.0",
      "from": "isarray@>=1.0.0 <2.0.0",
      "resolved": "https://registry.npmjs.org/isarray/-/isarray-1.0.0.tgz"
    },
    "jmespath": {
      "version": "0.15.0",
      "from": "jmespath@0.15.0",
      "resolved": "https://registry.npmjs.org/jmespath/-/jmespath-0.15.0.tgz"
    },
    "json-stringify-safe": {
      "version": "5.0.1",
      "from": "json-stringify-safe@5.0.1",
      "resolved": "https://registry.npmjs.org/json-stringify-safe/-/json-stringify-safe-5.0.1.tgz"
    },
    "lambda-sns-event-message": {
      "version": "1.0.2",
      "from": "lambda-sns-event-message@1.0.2",
      "resolved": "https://registry.npmjs.org/lambda-sns-event-message/-/lambda-sns-event-message-1.0.2.tgz"
    },
    "lcid": {
      "version": "1.0.0",
      "from": "lcid@>=1.0.0 <2.0.0",
      "resolved": "https://registry.npmjs.org/lcid/-/lcid-1.0.0.tgz"
    },
    "le_node": {
      "version": "1.6.7",
      "from": "le_node@1.6.7",
      "resolved": "https://registry.npmjs.org/le_node/-/le_node-1.6.7.tgz",
      "dependencies": {
        "lodash": {
          "version": "3.9.3",
          "from": "lodash@3.9.3",
          "resolved": "https://registry.npmjs.org/lodash/-/lodash-3.9.3.tgz"
        }
      }
    },
    "lodash": {
      "version": "4.16.6",
      "from": "lodash@>=4.16.3 <4.17.0",
      "resolved": "https://registry.npmjs.org/lodash/-/lodash-4.16.6.tgz"
    },
    "minimatch": {
      "version": "3.0.3",
      "from": "minimatch@>=2.0.0 <3.0.0||>=3.0.0 <4.0.0",
      "resolved": "https://registry.npmjs.org/minimatch/-/minimatch-3.0.3.tgz"
    },
    "minimist": {
      "version": "0.0.8",
      "from": "minimist@0.0.8",
      "resolved": "https://registry.npmjs.org/minimist/-/minimist-0.0.8.tgz"
    },
    "mkdirp": {
      "version": "0.5.1",
      "from": "mkdirp@>=0.5.1 <0.6.0",
      "resolved": "https://registry.npmjs.org/mkdirp/-/mkdirp-0.5.1.tgz"
    },
    "moment": {
      "version": "2.16.0",
      "from": "moment@>=2.10.6 <3.0.0",
      "resolved": "https://registry.npmjs.org/moment/-/moment-2.16.0.tgz",
      "optional": true
    },
    "ms": {
      "version": "0.7.2",
      "from": "ms@0.7.2",
      "resolved": "https://registry.npmjs.org/ms/-/ms-0.7.2.tgz"
    },
    "mv": {
      "version": "2.1.1",
      "from": "mv@>=2.0.0 <3.0.0",
      "resolved": "https://registry.npmjs.org/mv/-/mv-2.1.1.tgz",
      "optional": true
    },
    "nan": {
      "version": "2.4.0",
      "from": "nan@>=2.3.3 <3.0.0",
      "resolved": "https://registry.npmjs.org/nan/-/nan-2.4.0.tgz",
      "optional": true
    },
    "nconf": {
      "version": "0.8.4",
      "from": "nconf@>=0.8.4 <0.9.0",
      "resolved": "https://registry.npmjs.org/nconf/-/nconf-0.8.4.tgz"
    },
    "ncp": {
      "version": "2.0.0",
      "from": "ncp@>=2.0.0 <2.1.0",
      "resolved": "https://registry.npmjs.org/ncp/-/ncp-2.0.0.tgz",
      "optional": true
    },
    "newrelic": {
      "version": "1.31.0",
      "from": "newrelic@1.31.0",
      "resolved": "https://registry.npmjs.org/newrelic/-/newrelic-1.31.0.tgz",
      "dependencies": {
        "concat-stream": {
          "version": "1.5.2",
          "from": "concat-stream@>=1.5.0 <2.0.0",
          "resolved": "https://registry.npmjs.org/concat-stream/-/concat-stream-1.5.2.tgz",
          "dependencies": {
            "inherits": {
              "version": "2.0.3",
              "from": "inherits@>=2.0.1 <2.1.0",
              "resolved": "https://registry.npmjs.org/inherits/-/inherits-2.0.3.tgz"
            },
            "readable-stream": {
              "version": "2.0.6",
              "from": "readable-stream@>=2.0.0 <2.1.0",
              "resolved": "https://registry.npmjs.org/readable-stream/-/readable-stream-2.0.6.tgz",
              "dependencies": {
                "core-util-is": {
                  "version": "1.0.2",
                  "from": "core-util-is@>=1.0.0 <1.1.0",
                  "resolved": "https://registry.npmjs.org/core-util-is/-/core-util-is-1.0.2.tgz"
                },
                "isarray": {
                  "version": "1.0.0",
                  "from": "isarray@>=1.0.0 <1.1.0",
                  "resolved": "https://registry.npmjs.org/isarray/-/isarray-1.0.0.tgz"
                },
                "process-nextick-args": {
                  "version": "1.0.7",
                  "from": "process-nextick-args@>=1.0.6 <1.1.0",
                  "resolved": "https://registry.npmjs.org/process-nextick-args/-/process-nextick-args-1.0.7.tgz"
                },
                "string_decoder": {
                  "version": "0.10.31",
                  "from": "string_decoder@>=0.10.0 <0.11.0",
                  "resolved": "https://registry.npmjs.org/string_decoder/-/string_decoder-0.10.31.tgz"
                },
                "util-deprecate": {
                  "version": "1.0.2",
                  "from": "util-deprecate@>=1.0.1 <1.1.0",
                  "resolved": "https://registry.npmjs.org/util-deprecate/-/util-deprecate-1.0.2.tgz"
                }
              }
            },
            "typedarray": {
              "version": "0.0.6",
              "from": "typedarray@>=0.0.5 <0.1.0",
              "resolved": "https://registry.npmjs.org/typedarray/-/typedarray-0.0.6.tgz"
            }
          }
        },
        "https-proxy-agent": {
          "version": "0.3.6",
          "from": "https-proxy-agent@>=0.3.5 <0.4.0",
          "resolved": "https://registry.npmjs.org/https-proxy-agent/-/https-proxy-agent-0.3.6.tgz",
          "dependencies": {
            "agent-base": {
              "version": "1.0.2",
              "from": "agent-base@>=1.0.1 <1.1.0",
              "resolved": "https://registry.npmjs.org/agent-base/-/agent-base-1.0.2.tgz"
            },
            "debug": {
              "version": "2.2.0",
              "from": "debug@>=2.0.0 <3.0.0",
              "resolved": "https://registry.npmjs.org/debug/-/debug-2.2.0.tgz",
              "dependencies": {
                "ms": {
                  "version": "0.7.1",
                  "from": "ms@0.7.1",
                  "resolved": "https://registry.npmjs.org/ms/-/ms-0.7.1.tgz"
                }
              }
            },
            "extend": {
              "version": "3.0.0",
              "from": "extend@>=3.0.0 <4.0.0",
              "resolved": "https://registry.npmjs.org/extend/-/extend-3.0.0.tgz"
            }
          }
        },
        "json-stringify-safe": {
          "version": "5.0.1",
          "from": "json-stringify-safe@>=5.0.0 <6.0.0",
          "resolved": "https://registry.npmjs.org/json-stringify-safe/-/json-stringify-safe-5.0.1.tgz"
        },
        "readable-stream": {
          "version": "1.1.14",
          "from": "readable-stream@>=1.1.13 <2.0.0",
          "resolved": "https://registry.npmjs.org/readable-stream/-/readable-stream-1.1.14.tgz",
          "dependencies": {
            "core-util-is": {
              "version": "1.0.2",
              "from": "core-util-is@>=1.0.0 <1.1.0",
              "resolved": "https://registry.npmjs.org/core-util-is/-/core-util-is-1.0.2.tgz"
            },
            "inherits": {
              "version": "2.0.3",
              "from": "inherits@>=2.0.1 <2.1.0",
              "resolved": "https://registry.npmjs.org/inherits/-/inherits-2.0.3.tgz"
            },
            "isarray": {
              "version": "0.0.1",
              "from": "isarray@0.0.1",
              "resolved": "https://registry.npmjs.org/isarray/-/isarray-0.0.1.tgz"
            },
            "string_decoder": {
              "version": "0.10.31",
              "from": "string_decoder@>=0.10.0 <0.11.0",
              "resolved": "https://registry.npmjs.org/string_decoder/-/string_decoder-0.10.31.tgz"
            }
          }
        },
        "semver": {
          "version": "4.3.6",
          "from": "semver@>=4.2.0 <5.0.0",
          "resolved": "https://registry.npmjs.org/semver/-/semver-4.3.6.tgz"
        },
        "yakaa": {
          "version": "1.0.1",
          "from": "yakaa@>=1.0.1 <2.0.0",
          "resolved": "https://registry.npmjs.org/yakaa/-/yakaa-1.0.1.tgz"
        }
      }
    },
    "number-is-nan": {
      "version": "1.0.1",
      "from": "number-is-nan@>=1.0.0 <2.0.0",
      "resolved": "https://registry.npmjs.org/number-is-nan/-/number-is-nan-1.0.1.tgz"
    },
    "object-assign": {
      "version": "4.1.0",
      "from": "object-assign@4.1.0",
      "resolved": "https://registry.npmjs.org/object-assign/-/object-assign-4.1.0.tgz"
    },
    "once": {
      "version": "1.4.0",
      "from": "once@>=1.3.0 <2.0.0",
      "resolved": "https://registry.npmjs.org/once/-/once-1.4.0.tgz"
    },
    "os-locale": {
      "version": "1.4.0",
      "from": "os-locale@>=1.4.0 <2.0.0",
      "resolved": "https://registry.npmjs.org/os-locale/-/os-locale-1.4.0.tgz"
    },
    "path-is-absolute": {
      "version": "1.0.1",
      "from": "path-is-absolute@>=1.0.0 <2.0.0",
      "resolved": "https://registry.npmjs.org/path-is-absolute/-/path-is-absolute-1.0.1.tgz"
    },
    "precond": {
      "version": "0.2.3",
      "from": "precond@>=0.2.0 <0.3.0",
      "resolved": "https://registry.npmjs.org/precond/-/precond-0.2.3.tgz"
    },
    "reconnect-core": {
      "version": "1.3.0",
      "from": "reconnect-core@1.3.0",
      "resolved": "https://registry.npmjs.org/reconnect-core/-/reconnect-core-1.3.0.tgz"
    },
    "rimraf": {
      "version": "2.4.5",
      "from": "rimraf@>=2.4.0 <2.5.0",
      "resolved": "https://registry.npmjs.org/rimraf/-/rimraf-2.4.5.tgz"
    },
    "safe-json-stringify": {
      "version": "1.0.3",
      "from": "safe-json-stringify@>=1.0.0 <2.0.0",
      "resolved": "https://registry.npmjs.org/safe-json-stringify/-/safe-json-stringify-1.0.3.tgz",
      "optional": true
    },
    "sax": {
      "version": "1.1.5",
      "from": "sax@1.1.5",
      "resolved": "https://registry.npmjs.org/sax/-/sax-1.1.5.tgz"
    },
    "secure-keys": {
      "version": "1.0.0",
      "from": "secure-keys@>=1.0.0 <2.0.0",
      "resolved": "https://registry.npmjs.org/secure-keys/-/secure-keys-1.0.0.tgz"
    },
    "semver": {
      "version": "5.1.0",
      "from": "semver@5.1.0",
      "resolved": "https://registry.npmjs.org/semver/-/semver-5.1.0.tgz"
    },
    "sns.js": {
      "version": "1.0.2",
      "from": "sns.js@1.0.2",
      "resolved": "https://registry.npmjs.org/sns.js/-/sns.js-1.0.2.tgz"
    },
    "sqs-consumer": {
      "version": "3.4.0",
      "from": "sqs-consumer@3.4.0",
      "resolved": "https://registry.npmjs.org/sqs-consumer/-/sqs-consumer-3.4.0.tgz",
      "dependencies": {
        "async": {
          "version": "2.1.2",
          "from": "async@>=2.0.1 <3.0.0",
          "resolved": "https://registry.npmjs.org/async/-/async-2.1.2.tgz"
        }
      }
    },
    "string-width": {
      "version": "1.0.2",
      "from": "string-width@>=1.0.1 <2.0.0",
      "resolved": "https://registry.npmjs.org/string-width/-/string-width-1.0.2.tgz"
    },
    "strip-ansi": {
      "version": "3.0.1",
      "from": "strip-ansi@>=3.0.1 <4.0.0",
      "resolved": "https://registry.npmjs.org/strip-ansi/-/strip-ansi-3.0.1.tgz"
    },
    "swagger-model-validator": {
      "version": "2.1.7",
      "from": "swagger-model-validator@>=2.1.2 <2.2.0",
      "resolved": "https://registry.npmjs.org/swagger-model-validator/-/swagger-model-validator-2.1.7.tgz"
    },
    "window-size": {
      "version": "0.1.4",
      "from": "window-size@>=0.1.4 <0.2.0",
      "resolved": "https://registry.npmjs.org/window-size/-/window-size-0.1.4.tgz"
    },
    "wrap-ansi": {
      "version": "2.0.0",
      "from": "wrap-ansi@>=2.0.0 <3.0.0",
      "resolved": "https://registry.npmjs.org/wrap-ansi/-/wrap-ansi-2.0.0.tgz"
    },
    "wrappy": {
      "version": "1.0.2",
      "from": "wrappy@>=1.0.0 <2.0.0",
      "resolved": "https://registry.npmjs.org/wrappy/-/wrappy-1.0.2.tgz"
    },
    "xml2js": {
      "version": "0.4.15",
      "from": "xml2js@0.4.15",
      "resolved": "https://registry.npmjs.org/xml2js/-/xml2js-0.4.15.tgz"
    },
    "xmlbuilder": {
      "version": "2.6.2",
      "from": "xmlbuilder@2.6.2",
      "resolved": "https://registry.npmjs.org/xmlbuilder/-/xmlbuilder-2.6.2.tgz",
      "dependencies": {
        "lodash": {
          "version": "3.5.0",
          "from": "lodash@>=3.5.0 <3.6.0",
          "resolved": "https://registry.npmjs.org/lodash/-/lodash-3.5.0.tgz"
        }
      }
    },
    "y18n": {
      "version": "3.2.1",
      "from": "y18n@>=3.2.0 <4.0.0",
      "resolved": "https://registry.npmjs.org/y18n/-/y18n-3.2.1.tgz"
    },
    "yargs": {
      "version": "3.32.0",
      "from": "yargs@>=3.19.0 <4.0.0",
      "resolved": "https://registry.npmjs.org/yargs/-/yargs-3.32.0.tgz"
    }
  }
}
